
Microsoft Visual Studio Solution File, Format Version 12.00
# Visual Studio Version 16
VisualStudioVersion = 16.0.31605.320
MinimumVisualStudioVersion = 10.0.40219.1
Project("{8BC9CEB8-8B4A-11D0-8D11-00A0C91BC942}") = "Hospital Billing System", "Hospital Billing System\Hospital Billing System.vcxproj", "{B8A06687-7EBE-4690-A3DF-35E50D922B4F}"
EndProject
Global
	GlobalSection(SolutionConfigurationPlatforms) = preSolution
		Debug|x64 = Debug|x64
		Debug|x86 = Debug|x86
		Release|x64 = Release|x64
		Release|x86 = Release|x86
	EndGlobalSection
	GlobalSection(ProjectConfigurationPlatforms) = postSolution
		{B8A06687-7EBE-4690-A3DF-35E50D922B4F}.Debug|x64.ActiveCfg = Debug|x64
		{B8A06687-7EBE-4690-A3DF-35E50D922B4F}.Debug|x64.Build.0 = Debug|x64
		{B8A06687-7EBE-4690-A3DF-35E50D922B4F}.Debug|x86.ActiveCfg = Debug|Win32
		{B8A06687-7EBE-4690-A3DF-35E50D922B4F}.Debug|x86.Build.0 = Debug|Win32
		{B8A06687-7EBE-4690-A3DF-35E50D922B4F}.Release|x64.ActiveCfg = Release|x64
		{B8A06687-7EBE-4690-A3DF-35E50D922B4F}.Release|x64.Build.0 = Release|x64
		{B8A06687-7EBE-4690-A3DF-35E50D922B4F}.Release|x86.ActiveCfg = Release|Win32
		{B8A06687-7EBE-4690-A3DF-35E50D922B4F}.Release|x86.Build.0 = Release|Win32
	EndGlobalSection
	GlobalSection(SolutionProperties) = preSolution
		HideSolutionNode = FALSE
	EndGlobalSection
	GlobalSection(ExtensibilityGlobals) = postSolution
		SolutionGuid = {540AACA8-8159-4D27-84C7-2D3C4AF8C489}
	EndGlobalSection
EndGlobal
